
Microsoft Visual Studio Solution File, Format Version 12.00
# Visual Studio Version 17
VisualStudioVersion = 17.11.35219.272
MinimumVisualStudioVersion = 10.0.40219.1
Project("{9A19103F-16F7-4668-BE54-9A1E7A4F7556}") = "PlatigeImage", "PlatigeImage\PlatigeImage.csproj", "{3A47FB7E-DF34-4C38-AA75-D27A589ADDFC}"
EndProject
Project("{9A19103F-16F7-4668-BE54-9A1E7A4F7556}") = "PlatigeImage.Data", "PlatigeImage.Data\PlatigeImage.Data.csproj", "{1C78201C-2DD6-46FE-91BD-A6E7B15C3130}"
EndProject
Project("{9A19103F-16F7-4668-BE54-9A1E7A4F7556}") = "PlatigeImage.Infrastructure", "PlatigeImage.Infrastructure\PlatigeImage.Infrastructure.csproj", "{130F948B-6B2B-4FD1-B0FB-B6962FE6EF7F}"
EndProject
Global
	GlobalSection(SolutionConfigurationPlatforms) = preSolution
		Debug|Any CPU = Debug|Any CPU
		Debug|ARM64 = Debug|ARM64
		Debug|x64 = Debug|x64
		Debug|x86 = Debug|x86
		Release|Any CPU = Release|Any CPU
		Release|ARM64 = Release|ARM64
		Release|x64 = Release|x64
		Release|x86 = Release|x86
	EndGlobalSection
	GlobalSection(ProjectConfigurationPlatforms) = postSolution
		{3A47FB7E-DF34-4C38-AA75-D27A589ADDFC}.Debug|Any CPU.ActiveCfg = Debug|Any CPU
		{3A47FB7E-DF34-4C38-AA75-D27A589ADDFC}.Debug|Any CPU.Build.0 = Debug|Any CPU
		{3A47FB7E-DF34-4C38-AA75-D27A589ADDFC}.Debug|ARM64.ActiveCfg = Debug|Any CPU
		{3A47FB7E-DF34-4C38-AA75-D27A589ADDFC}.Debug|ARM64.Build.0 = Debug|Any CPU
		{3A47FB7E-DF34-4C38-AA75-D27A589ADDFC}.Debug|x64.ActiveCfg = Debug|Any CPU
		{3A47FB7E-DF34-4C38-AA75-D27A589ADDFC}.Debug|x64.Build.0 = Debug|Any CPU
		{3A47FB7E-DF34-4C38-AA75-D27A589ADDFC}.Debug|x86.ActiveCfg = Debug|Any CPU
		{3A47FB7E-DF34-4C38-AA75-D27A589ADDFC}.Debug|x86.Build.0 = Debug|Any CPU
		{3A47FB7E-DF34-4C38-AA75-D27A589ADDFC}.Release|Any CPU.ActiveCfg = Release|Any CPU
		{3A47FB7E-DF34-4C38-AA75-D27A589ADDFC}.Release|Any CPU.Build.0 = Release|Any CPU
		{3A47FB7E-DF34-4C38-AA75-D27A589ADDFC}.Release|ARM64.ActiveCfg = Release|Any CPU
		{3A47FB7E-DF34-4C38-AA75-D27A589ADDFC}.Release|ARM64.Build.0 = Release|Any CPU
		{3A47FB7E-DF34-4C38-AA75-D27A589ADDFC}.Release|x64.ActiveCfg = Release|Any CPU
		{3A47FB7E-DF34-4C38-AA75-D27A589ADDFC}.Release|x64.Build.0 = Release|Any CPU
		{3A47FB7E-DF34-4C38-AA75-D27A589ADDFC}.Release|x86.ActiveCfg = Release|Any CPU
		{3A47FB7E-DF34-4C38-AA75-D27A589ADDFC}.Release|x86.Build.0 = Release|Any CPU
		{1C78201C-2DD6-46FE-91BD-A6E7B15C3130}.Debug|Any CPU.ActiveCfg = Debug|Any CPU
		{1C78201C-2DD6-46FE-91BD-A6E7B15C3130}.Debug|Any CPU.Build.0 = Debug|Any CPU
		{1C78201C-2DD6-46FE-91BD-A6E7B15C3130}.Debug|ARM64.ActiveCfg = Debug|Any CPU
		{1C78201C-2DD6-46FE-91BD-A6E7B15C3130}.Debug|ARM64.Build.0 = Debug|Any CPU
		{1C78201C-2DD6-46FE-91BD-A6E7B15C3130}.Debug|x64.ActiveCfg = Debug|Any CPU
		{1C78201C-2DD6-46FE-91BD-A6E7B15C3130}.Debug|x64.Build.0 = Debug|Any CPU
		{1C78201C-2DD6-46FE-91BD-A6E7B15C3130}.Debug|x86.ActiveCfg = Debug|Any CPU
		{1C78201C-2DD6-46FE-91BD-A6E7B15C3130}.Debug|x86.Build.0 = Debug|Any CPU
		{1C78201C-2DD6-46FE-91BD-A6E7B15C3130}.Release|Any CPU.ActiveCfg = Release|Any CPU
		{1C78201C-2DD6-46FE-91BD-A6E7B15C3130}.Release|Any CPU.Build.0 = Release|Any CPU
		{1C78201C-2DD6-46FE-91BD-A6E7B15C3130}.Release|ARM64.ActiveCfg = Release|Any CPU
		{1C78201C-2DD6-46FE-91BD-A6E7B15C3130}.Release|ARM64.Build.0 = Release|Any CPU
		{1C78201C-2DD6-46FE-91BD-A6E7B15C3130}.Release|x64.ActiveCfg = Release|Any CPU
		{1C78201C-2DD6-46FE-91BD-A6E7B15C3130}.Release|x64.Build.0 = Release|Any CPU
		{1C78201C-2DD6-46FE-91BD-A6E7B15C3130}.Release|x86.ActiveCfg = Release|Any CPU
		{1C78201C-2DD6-46FE-91BD-A6E7B15C3130}.Release|x86.Build.0 = Release|Any CPU
		{130F948B-6B2B-4FD1-B0FB-B6962FE6EF7F}.Debug|Any CPU.ActiveCfg = Debug|Any CPU
		{130F948B-6B2B-4FD1-B0FB-B6962FE6EF7F}.Debug|Any CPU.Build.0 = Debug|Any CPU
		{130F948B-6B2B-4FD1-B0FB-B6962FE6EF7F}.Debug|ARM64.ActiveCfg = Debug|Any CPU
		{130F948B-6B2B-4FD1-B0FB-B6962FE6EF7F}.Debug|ARM64.Build.0 = Debug|Any CPU
		{130F948B-6B2B-4FD1-B0FB-B6962FE6EF7F}.Debug|x64.ActiveCfg = Debug|Any CPU
		{130F948B-6B2B-4FD1-B0FB-B6962FE6EF7F}.Debug|x64.Build.0 = Debug|Any CPU
		{130F948B-6B2B-4FD1-B0FB-B6962FE6EF7F}.Debug|x86.ActiveCfg = Debug|Any CPU
		{130F948B-6B2B-4FD1-B0FB-B6962FE6EF7F}.Debug|x86.Build.0 = Debug|Any CPU
		{130F948B-6B2B-4FD1-B0FB-B6962FE6EF7F}.Release|Any CPU.ActiveCfg = Release|Any CPU
		{130F948B-6B2B-4FD1-B0FB-B6962FE6EF7F}.Release|Any CPU.Build.0 = Release|Any CPU
		{130F948B-6B2B-4FD1-B0FB-B6962FE6EF7F}.Release|ARM64.ActiveCfg = Release|Any CPU
		{130F948B-6B2B-4FD1-B0FB-B6962FE6EF7F}.Release|ARM64.Build.0 = Release|Any CPU
		{130F948B-6B2B-4FD1-B0FB-B6962FE6EF7F}.Release|x64.ActiveCfg = Release|Any CPU
		{130F948B-6B2B-4FD1-B0FB-B6962FE6EF7F}.Release|x64.Build.0 = Release|Any CPU
		{130F948B-6B2B-4FD1-B0FB-B6962FE6EF7F}.Release|x86.ActiveCfg = Release|Any CPU
		{130F948B-6B2B-4FD1-B0FB-B6962FE6EF7F}.Release|x86.Build.0 = Release|Any CPU
	EndGlobalSection
	GlobalSection(SolutionProperties) = preSolution
		HideSolutionNode = FALSE
	EndGlobalSection
	GlobalSection(ExtensibilityGlobals) = postSolution
		SolutionGuid = {BF16E3E4-4163-4F50-A611-5DF84D4F1BEF}
	EndGlobalSection
EndGlobal
